// !$*UTF8*$!
{
	archiveVersion = 1;
	classes = {
	};
	objectVersion = 46;
	objects = {

/* Begin PBXBuildFile section */
		8F38EE9D1BF76B3B003484CC /* NewPayViewController.swift in Sources */ = {isa = PBXBuildFile; fileRef = 8F38EE9C1BF76B3B003484CC /* NewPayViewController.swift */; };
		8F38EE9F1BF770A2003484CC /* RecordTableViewCell.swift in Sources */ = {isa = PBXBuildFile; fileRef = 8F38EE9E1BF770A2003484CC /* RecordTableViewCell.swift */; };
		8F4327E31BFEFAE8005B4B60 /* ViolationTableViewCell.swift in Sources */ = {isa = PBXBuildFile; fileRef = 8F4327E21BFEFAE8005B4B60 /* ViolationTableViewCell.swift */; };
		8F4327EA1BFF061D005B4B60 /* ArrayTableViewCell.swift in Sources */ = {isa = PBXBuildFile; fileRef = 8F4327E91BFF061D005B4B60 /* ArrayTableViewCell.swift */; };
		8F4327EE1BFF12EA005B4B60 /* ViolationDetailViewController.swift in Sources */ = {isa = PBXBuildFile; fileRef = 8F4327ED1BFF12EA005B4B60 /* ViolationDetailViewController.swift */; };
		8F561BBD1BFE0A4400768276 /* CarportShareViewController.swift in Sources */ = {isa = PBXBuildFile; fileRef = 8F561BBC1BFE0A4400768276 /* CarportShareViewController.swift */; };
		8F561BBF1BFE10C200768276 /* CarportState.plist in Resources */ = {isa = PBXBuildFile; fileRef = 8F561BBE1BFE10C200768276 /* CarportState.plist */; };
		8F577DDA1BFC22D6007CF72F /* ParkStateViewController.swift in Sources */ = {isa = PBXBuildFile; fileRef = 8F577DD91BFC22D6007CF72F /* ParkStateViewController.swift */; };
		8F577DDC1BFC246E007CF72F /* ParkState.plist in Resources */ = {isa = PBXBuildFile; fileRef = 8F577DDB1BFC246E007CF72F /* ParkState.plist */; };
		8F577DE11BFC956B007CF72F /* XuCamera.swift in Sources */ = {isa = PBXBuildFile; fileRef = 8F577DE01BFC956B007CF72F /* XuCamera.swift */; };
		8FDE28531BFA1A0700830E37 /* OwnerIdentifyViewController.swift in Sources */ = {isa = PBXBuildFile; fileRef = 8FDE28521BFA1A0700830E37 /* OwnerIdentifyViewController.swift */; };
		8FE1421E1BF5C86400C236A8 /* Helper.swift in Sources */ = {isa = PBXBuildFile; fileRef = 8FE1421D1BF5C86400C236A8 /* Helper.swift */; };
		8FE142201BF5D55600C236A8 /* HeaderView.swift in Sources */ = {isa = PBXBuildFile; fileRef = 8FE1421F1BF5D55600C236A8 /* HeaderView.swift */; };
		8FE142221BF5EF2E00C236A8 /* ReceiptViewController.swift in Sources */ = {isa = PBXBuildFile; fileRef = 8FE142211BF5EF2E00C236A8 /* ReceiptViewController.swift */; };
		8FE142241BF606FF00C236A8 /* SettingViewController.swift in Sources */ = {isa = PBXBuildFile; fileRef = 8FE142231BF606FF00C236A8 /* SettingViewController.swift */; };
		8FE142261BF60F4100C236A8 /* AcProtocolViewController.swift in Sources */ = {isa = PBXBuildFile; fileRef = 8FE142251BF60F4100C236A8 /* AcProtocolViewController.swift */; };
		8FE2E25A1BFAC40E009A4F5C /* HoshiTextField.swift in Sources */ = {isa = PBXBuildFile; fileRef = 8FE2E2581BFAC40E009A4F5C /* HoshiTextField.swift */; };
		8FE2E25B1BFAC40E009A4F5C /* TextFieldsEffects.swift in Sources */ = {isa = PBXBuildFile; fileRef = 8FE2E2591BFAC40E009A4F5C /* TextFieldsEffects.swift */; };
		8FE71C301BF4CABD0043208F /* PersonalViewController.swift in Sources */ = {isa = PBXBuildFile; fileRef = 8FE71C2F1BF4CABD0043208F /* PersonalViewController.swift */; };
		8FE71C321BF4D22B0043208F /* PayViewController.swift in Sources */ = {isa = PBXBuildFile; fileRef = 8FE71C311BF4D22B0043208F /* PayViewController.swift */; };
		8FE71C341BF4D2CB0043208F /* ParkingRecordViewController.swift in Sources */ = {isa = PBXBuildFile; fileRef = 8FE71C331BF4D2CB0043208F /* ParkingRecordViewController.swift */; };
		C5022EC41BE0A9B400DBC2FF /* UniversalTableViewCell.swift in Sources */ = {isa = PBXBuildFile; fileRef = C5022EC31BE0A9B400DBC2FF /* UniversalTableViewCell.swift */; };
		C50E7FF21BDB7D28002BA56D /* AppDelegate.swift in Sources */ = {isa = PBXBuildFile; fileRef = C50E7FF11BDB7D28002BA56D /* AppDelegate.swift */; };
		C50E7FF71BDB7D28002BA56D /* Main.storyboard in Resources */ = {isa = PBXBuildFile; fileRef = C50E7FF51BDB7D28002BA56D /* Main.storyboard */; };
		C50E7FF91BDB7D28002BA56D /* Assets.xcassets in Resources */ = {isa = PBXBuildFile; fileRef = C50E7FF81BDB7D28002BA56D /* Assets.xcassets */; };
		C50E7FFC1BDB7D28002BA56D /* LaunchScreen.storyboard in Resources */ = {isa = PBXBuildFile; fileRef = C50E7FFA1BDB7D28002BA56D /* LaunchScreen.storyboard */; };
		C50E80071BDB7D28002BA56D /* ShareAndNavTests.swift in Sources */ = {isa = PBXBuildFile; fileRef = C50E80061BDB7D28002BA56D /* ShareAndNavTests.swift */; };
		C50E80121BDB7D28002BA56D /* ShareAndNavUITests.swift in Sources */ = {isa = PBXBuildFile; fileRef = C50E80111BDB7D28002BA56D /* ShareAndNavUITests.swift */; };
		C544A4A51BE89673004607DD /* KeyboardDigitalView.swift in Sources */ = {isa = PBXBuildFile; fileRef = C544A4A41BE89673004607DD /* KeyboardDigitalView.swift */; };
		C57A47521BEB9DFF00D65AA9 /* ParkingRecord.plist in Resources */ = {isa = PBXBuildFile; fileRef = C57A47511BEB9DFF00D65AA9 /* ParkingRecord.plist */; };
		C57A47541BEC39A900D65AA9 /* CarInfomation.plist in Resources */ = {isa = PBXBuildFile; fileRef = C57A47531BEC39A900D65AA9 /* CarInfomation.plist */; };
		C57A475A1BEC454F00D65AA9 /* CarOwnership.swift in Sources */ = {isa = PBXBuildFile; fileRef = C57A47591BEC454F00D65AA9 /* CarOwnership.swift */; };
		C57A475C1BEC542F00D65AA9 /* CarTableViewCell.swift in Sources */ = {isa = PBXBuildFile; fileRef = C57A475B1BEC542F00D65AA9 /* CarTableViewCell.swift */; };
		C5843DBB1BDDB89C0074C785 /* TypeDefine.swift in Sources */ = {isa = PBXBuildFile; fileRef = C5843DBA1BDDB89C0074C785 /* TypeDefine.swift */; };
		C5843DBC1BDDB89C0074C785 /* TypeDefine.swift in Sources */ = {isa = PBXBuildFile; fileRef = C5843DBA1BDDB89C0074C785 /* TypeDefine.swift */; };
		C5843DBD1BDDB89C0074C785 /* TypeDefine.swift in Sources */ = {isa = PBXBuildFile; fileRef = C5843DBA1BDDB89C0074C785 /* TypeDefine.swift */; };
		C5843DEF1BDE71D80074C785 /* KeyChain.swift in Sources */ = {isa = PBXBuildFile; fileRef = C5843DED1BDE71D80074C785 /* KeyChain.swift */; };
		C5843DF01BDE71D80074C785 /* KeyChain.swift in Sources */ = {isa = PBXBuildFile; fileRef = C5843DED1BDE71D80074C785 /* KeyChain.swift */; };
		C5843DF11BDE71D80074C785 /* KeyChain.swift in Sources */ = {isa = PBXBuildFile; fileRef = C5843DED1BDE71D80074C785 /* KeyChain.swift */; };
		C5843DF21BDE71D80074C785 /* SwiftColors.swift in Sources */ = {isa = PBXBuildFile; fileRef = C5843DEE1BDE71D80074C785 /* SwiftColors.swift */; };
		C5843DF31BDE71D80074C785 /* SwiftColors.swift in Sources */ = {isa = PBXBuildFile; fileRef = C5843DEE1BDE71D80074C785 /* SwiftColors.swift */; };
		C5843DF41BDE71D80074C785 /* SwiftColors.swift in Sources */ = {isa = PBXBuildFile; fileRef = C5843DEE1BDE71D80074C785 /* SwiftColors.swift */; };
		C5843E431BDF4D5F0074C785 /* NewLicensePlateViewController.swift in Sources */ = {isa = PBXBuildFile; fileRef = C5843E421BDF4D5F0074C785 /* NewLicensePlateViewController.swift */; };
		C5843E461BDF5E380074C785 /* FootMenuView.swift in Sources */ = {isa = PBXBuildFile; fileRef = C5843E451BDF5E380074C785 /* FootMenuView.swift */; };
		C5843E481BDF62A40074C785 /* CarMaster.swift in Sources */ = {isa = PBXBuildFile; fileRef = C5843E471BDF62A40074C785 /* CarMaster.swift */; };
		C5843E531BDF6BB00074C785 /* HomeViewController.m in Sources */ = {isa = PBXBuildFile; fileRef = C5843E521BDF6BB00074C785 /* HomeViewController.m */; };
		C58CC88F1BF02E6F006D4F96 /* Carport.plist in Resources */ = {isa = PBXBuildFile; fileRef = C58CC88E1BF02E6E006D4F96 /* Carport.plist */; };
		C58CC8911BF0349A006D4F96 /* Carport.swift in Sources */ = {isa = PBXBuildFile; fileRef = C58CC8901BF0349A006D4F96 /* Carport.swift */; };
		C58CC8931BF035A3006D4F96 /* CarportShare.swift in Sources */ = {isa = PBXBuildFile; fileRef = C58CC8921BF035A3006D4F96 /* CarportShare.swift */; };
		C58CC8961BF04A3B006D4F96 /* XuPickerView.swift in Sources */ = {isa = PBXBuildFile; fileRef = C58CC8951BF04A3B006D4F96 /* XuPickerView.swift */; };
		C58CC8991BF0788A006D4F96 /* Violations.plist in Resources */ = {isa = PBXBuildFile; fileRef = C58CC8981BF0788A006D4F96 /* Violations.plist */; };
		C58CC89B1BF07AFF006D4F96 /* ViolationObject.swift in Sources */ = {isa = PBXBuildFile; fileRef = C58CC89A1BF07AFF006D4F96 /* ViolationObject.swift */; };
		C58CC8A41BF0E0A5006D4F96 /* CityAndArea.plist in Resources */ = {isa = PBXBuildFile; fileRef = C58CC8A31BF0E0A5006D4F96 /* CityAndArea.plist */; };
		C59B32DE1BE7AA4F00AAE98C /* SubMasterView.swift in Sources */ = {isa = PBXBuildFile; fileRef = C59B32DD1BE7AA4F00AAE98C /* SubMasterView.swift */; };
		C5A8E84D1BE306D5008AD59B /* AMap.bundle in Resources */ = {isa = PBXBuildFile; fileRef = C5A8E84C1BE306D5008AD59B /* AMap.bundle */; };
		C5BA4FA81BEB2F5500EF6832 /* ViolationViewController.swift in Sources */ = {isa = PBXBuildFile; fileRef = C5BA4FA71BEB2F5500EF6832 /* ViolationViewController.swift */; };
		C5BA4FAA1BEB327100EF6832 /* CarportViewController.swift in Sources */ = {isa = PBXBuildFile; fileRef = C5BA4FA91BEB327100EF6832 /* CarportViewController.swift */; };
		C5BA4FAC1BEB355100EF6832 /* MessageViewController.swift in Sources */ = {isa = PBXBuildFile; fileRef = C5BA4FAB1BEB355100EF6832 /* MessageViewController.swift */; };
		C5BF9FE51BF314A200E0E697 /* UIButton+Block.m in Sources */ = {isa = PBXBuildFile; fileRef = C5BF9FE41BF314A200E0E697 /* UIButton+Block.m */; };
		C5C4EC3B1BEA06D00058B286 /* XuRegularExpression.swift in Sources */ = {isa = PBXBuildFile; fileRef = C5C4EC391BEA06D00058B286 /* XuRegularExpression.swift */; };
		C5C4EC3C1BEA06D00058B286 /* XuUserDefault.swift in Sources */ = {isa = PBXBuildFile; fileRef = C5C4EC3A1BEA06D00058B286 /* XuUserDefault.swift */; };
		C5C8D0F41BEA140C00EAFD0B /* LoginViewController.swift in Sources */ = {isa = PBXBuildFile; fileRef = C5C8D0F31BEA140C00EAFD0B /* LoginViewController.swift */; };
		C5C8D0F71BEA1F8600EAFD0B /* CarViewController.swift in Sources */ = {isa = PBXBuildFile; fileRef = C5C8D0F61BEA1F8600EAFD0B /* CarViewController.swift */; };
		C5E5AD8D1BE2684D00AEE7AC /* AMapSearchKit.framework in Frameworks */ = {isa = PBXBuildFile; fileRef = C5E5AD8A1BE2684D00AEE7AC /* AMapSearchKit.framework */; };
		C5E5AD8E1BE2684D00AEE7AC /* MAMapKit.framework in Frameworks */ = {isa = PBXBuildFile; fileRef = C5E5AD8B1BE2684D00AEE7AC /* MAMapKit.framework */; };
		C5E5AD901BE2685500AEE7AC /* UIKit.framework in Frameworks */ = {isa = PBXBuildFile; fileRef = C5E5AD8F1BE2685500AEE7AC /* UIKit.framework */; };
		C5E5AD921BE2686000AEE7AC /* Foundation.framework in Frameworks */ = {isa = PBXBuildFile; fileRef = C5E5AD911BE2686000AEE7AC /* Foundation.framework */; };
		C5E5AD941BE2686700AEE7AC /* QuartzCore.framework in Frameworks */ = {isa = PBXBuildFile; fileRef = C5E5AD931BE2686700AEE7AC /* QuartzCore.framework */; };
		C5E5AD961BE2686E00AEE7AC /* SystemConfiguration.framework in Frameworks */ = {isa = PBXBuildFile; fileRef = C5E5AD951BE2686E00AEE7AC /* SystemConfiguration.framework */; };
		C5E5AD981BE2687700AEE7AC /* OpenGLES.framework in Frameworks */ = {isa = PBXBuildFile; fileRef = C5E5AD971BE2687700AEE7AC /* OpenGLES.framework */; };
		C5E5AD9A1BE2687D00AEE7AC /* CoreLocation.framework in Frameworks */ = {isa = PBXBuildFile; fileRef = C5E5AD991BE2687D00AEE7AC /* CoreLocation.framework */; };
		C5E5AD9C1BE2688300AEE7AC /* CoreTelephony.framework in Frameworks */ = {isa = PBXBuildFile; fileRef = C5E5AD9B1BE2688300AEE7AC /* CoreTelephony.framework */; };
		C5E5AD9E1BE2688A00AEE7AC /* CoreGraphics.framework in Frameworks */ = {isa = PBXBuildFile; fileRef = C5E5AD9D1BE2688A00AEE7AC /* CoreGraphics.framework */; };
		C5E5ADA01BE2689000AEE7AC /* libz.tbd in Frameworks */ = {isa = PBXBuildFile; fileRef = C5E5AD9F1BE2689000AEE7AC /* libz.tbd */; };
		C5E5ADA21BE2689A00AEE7AC /* libstdc++.6.0.9.tbd in Frameworks */ = {isa = PBXBuildFile; fileRef = C5E5ADA11BE2689A00AEE7AC /* libstdc++.6.0.9.tbd */; };
		C5E5ADA41BE268A600AEE7AC /* libc++.tbd in Frameworks */ = {isa = PBXBuildFile; fileRef = C5E5ADA31BE268A600AEE7AC /* libc++.tbd */; };
		C5E5ADA61BE2692F00AEE7AC /* MasterViewController.swift in Sources */ = {isa = PBXBuildFile; fileRef = C5E5ADA51BE2692F00AEE7AC /* MasterViewController.swift */; };
		C5FF79CF1BF1FAEC00CAA14A /* CarportTableViewCell.swift in Sources */ = {isa = PBXBuildFile; fileRef = C5FF79CE1BF1FAEB00CAA14A /* CarportTableViewCell.swift */; };
/* End PBXBuildFile section */

/* Begin PBXContainerItemProxy section */
		C50E80031BDB7D28002BA56D /* PBXContainerItemProxy */ = {
			isa = PBXContainerItemProxy;
			containerPortal = C50E7FE61BDB7D28002BA56D /* Project object */;
			proxyType = 1;
			remoteGlobalIDString = C50E7FED1BDB7D28002BA56D;
			remoteInfo = ShareAndNav;
		};
		C50E800E1BDB7D28002BA56D /* PBXContainerItemProxy */ = {
			isa = PBXContainerItemProxy;
			containerPortal = C50E7FE61BDB7D28002BA56D /* Project object */;
			proxyType = 1;
			remoteGlobalIDString = C50E7FED1BDB7D28002BA56D;
			remoteInfo = ShareAndNav;
		};
/* End PBXContainerItemProxy section */

/* Begin PBXFileReference section */
		8F38EE9C1BF76B3B003484CC /* NewPayViewController.swift */ = {isa = PBXFileReference; fileEncoding = 4; lastKnownFileType = sourcecode.swift; name = NewPayViewController.swift; path = Classes/VC/NewPayViewController.swift; sourceTree = "<group>"; };
		8F38EE9E1BF770A2003484CC /* RecordTableViewCell.swift */ = {isa = PBXFileReference; fileEncoding = 4; lastKnownFileType = sourcecode.swift; name = RecordTableViewCell.swift; path = Classes/VC/Cell/RecordTableViewCell.swift; sourceTree = "<group>"; };
		8F4327E21BFEFAE8005B4B60 /* ViolationTableViewCell.swift */ = {isa = PBXFileReference; fileEncoding = 4; lastKnownFileType = sourcecode.swift; name = ViolationTableViewCell.swift; path = Classes/VC/Cell/ViolationTableViewCell.swift; sourceTree = "<group>"; };
		8F4327E91BFF061D005B4B60 /* ArrayTableViewCell.swift */ = {isa = PBXFileReference; fileEncoding = 4; lastKnownFileType = sourcecode.swift; name = ArrayTableViewCell.swift; path = Classes/VC/Cell/ArrayTableViewCell.swift; sourceTree = "<group>"; };
		8F4327ED1BFF12EA005B4B60 /* ViolationDetailViewController.swift */ = {isa = PBXFileReference; fileEncoding = 4; lastKnownFileType = sourcecode.swift; name = ViolationDetailViewController.swift; path = Classes/VC/Violation/ViolationDetailViewController.swift; sourceTree = "<group>"; };
		8F561BBC1BFE0A4400768276 /* CarportShareViewController.swift */ = {isa = PBXFileReference; fileEncoding = 4; lastKnownFileType = sourcecode.swift; name = CarportShareViewController.swift; path = Classes/VC/CarportShareViewController.swift; sourceTree = "<group>"; };
		8F561BBE1BFE10C200768276 /* CarportState.plist */ = {isa = PBXFileReference; fileEncoding = 4; lastKnownFileType = text.plist.xml; path = CarportState.plist; sourceTree = "<group>"; };
		8F577DD91BFC22D6007CF72F /* ParkStateViewController.swift */ = {isa = PBXFileReference; fileEncoding = 4; lastKnownFileType = sourcecode.swift; name = ParkStateViewController.swift; path = Classes/VC/ParkStateViewController.swift; sourceTree = "<group>"; };
		8F577DDB1BFC246E007CF72F /* ParkState.plist */ = {isa = PBXFileReference; fileEncoding = 4; lastKnownFileType = text.plist.xml; path = ParkState.plist; sourceTree = "<group>"; };
		8F577DE01BFC956B007CF72F /* XuCamera.swift */ = {isa = PBXFileReference; fileEncoding = 4; lastKnownFileType = sourcecode.swift; name = XuCamera.swift; path = Classes/VC/Helper/XuCamera.swift; sourceTree = "<group>"; };
		8FDE28521BFA1A0700830E37 /* OwnerIdentifyViewController.swift */ = {isa = PBXFileReference; fileEncoding = 4; lastKnownFileType = sourcecode.swift; name = OwnerIdentifyViewController.swift; path = Classes/VC/OwnerIdentifyViewController.swift; sourceTree = "<group>"; };
		8FE1421D1BF5C86400C236A8 /* Helper.swift */ = {isa = PBXFileReference; fileEncoding = 4; lastKnownFileType = sourcecode.swift; path = Helper.swift; sourceTree = "<group>"; };
		8FE1421F1BF5D55600C236A8 /* HeaderView.swift */ = {isa = PBXFileReference; fileEncoding = 4; lastKnownFileType = sourcecode.swift; name = HeaderView.swift; path = Classes/VC/View/HeaderView.swift; sourceTree = "<group>"; };
		8FE142211BF5EF2E00C236A8 /* ReceiptViewController.swift */ = {isa = PBXFileReference; fileEncoding = 4; lastKnownFileType = sourcecode.swift; name = ReceiptViewController.swift; path = Classes/VC/ReceiptViewController.swift; sourceTree = "<group>"; };
		8FE142231BF606FF00C236A8 /* SettingViewController.swift */ = {isa = PBXFileReference; fileEncoding = 4; lastKnownFileType = sourcecode.swift; name = SettingViewController.swift; path = Classes/VC/SettingViewController.swift; sourceTree = "<group>"; };
		8FE142251BF60F4100C236A8 /* AcProtocolViewController.swift */ = {isa = PBXFileReference; fileEncoding = 4; lastKnownFileType = sourcecode.swift; name = AcProtocolViewController.swift; path = Classes/VC/AcProtocolViewController.swift; sourceTree = "<group>"; };
		8FE2E2581BFAC40E009A4F5C /* HoshiTextField.swift */ = {isa = PBXFileReference; fileEncoding = 4; lastKnownFileType = sourcecode.swift; name = HoshiTextField.swift; path = Classes/VC/Helper/HoshiTextField.swift; sourceTree = "<group>"; };
		8FE2E2591BFAC40E009A4F5C /* TextFieldsEffects.swift */ = {isa = PBXFileReference; fileEncoding = 4; lastKnownFileType = sourcecode.swift; name = TextFieldsEffects.swift; path = Classes/VC/Helper/TextFieldsEffects.swift; sourceTree = "<group>"; };
		8FE71C2F1BF4CABD0043208F /* PersonalViewController.swift */ = {isa = PBXFileReference; fileEncoding = 4; lastKnownFileType = sourcecode.swift; name = PersonalViewController.swift; path = Classes/VC/PersonalViewController.swift; sourceTree = "<group>"; };
		8FE71C311BF4D22B0043208F /* PayViewController.swift */ = {isa = PBXFileReference; fileEncoding = 4; lastKnownFileType = sourcecode.swift; name = PayViewController.swift; path = Classes/VC/PayViewController.swift; sourceTree = "<group>"; };
		8FE71C331BF4D2CB0043208F /* ParkingRecordViewController.swift */ = {isa = PBXFileReference; fileEncoding = 4; lastKnownFileType = sourcecode.swift; name = ParkingRecordViewController.swift; path = Classes/VC/ParkingRecordViewController.swift; sourceTree = "<group>"; };
		C5022EC31BE0A9B400DBC2FF /* UniversalTableViewCell.swift */ = {isa = PBXFileReference; fileEncoding = 4; lastKnownFileType = sourcecode.swift; name = UniversalTableViewCell.swift; path = Classes/VC/Cell/UniversalTableViewCell.swift; sourceTree = "<group>"; };
		C50E7FEE1BDB7D28002BA56D /* i车生活.app */ = {isa = PBXFileReference; explicitFileType = wrapper.application; includeInIndex = 0; path = "i车生活.app"; sourceTree = BUILT_PRODUCTS_DIR; };
		C50E7FF11BDB7D28002BA56D /* AppDelegate.swift */ = {isa = PBXFileReference; lastKnownFileType = sourcecode.swift; path = AppDelegate.swift; sourceTree = "<group>"; };
		C50E7FF61BDB7D28002BA56D /* Base */ = {isa = PBXFileReference; lastKnownFileType = file.storyboard; name = Base; path = Base.lproj/Main.storyboard; sourceTree = "<group>"; };
		C50E7FF81BDB7D28002BA56D /* Assets.xcassets */ = {isa = PBXFileReference; lastKnownFileType = folder.assetcatalog; path = Assets.xcassets; sourceTree = "<group>"; };
		C50E7FFB1BDB7D28002BA56D /* Base */ = {isa = PBXFileReference; lastKnownFileType = file.storyboard; name = Base; path = Base.lproj/LaunchScreen.storyboard; sourceTree = "<group>"; };
		C50E7FFD1BDB7D28002BA56D /* Info.plist */ = {isa = PBXFileReference; lastKnownFileType = text.plist.xml; path = Info.plist; sourceTree = "<group>"; };
		C50E80021BDB7D28002BA56D /* ShareAndNavTests.xctest */ = {isa = PBXFileReference; explicitFileType = wrapper.cfbundle; includeInIndex = 0; path = ShareAndNavTests.xctest; sourceTree = BUILT_PRODUCTS_DIR; };
		C50E80061BDB7D28002BA56D /* ShareAndNavTests.swift */ = {isa = PBXFileReference; lastKnownFileType = sourcecode.swift; path = ShareAndNavTests.swift; sourceTree = "<group>"; };
		C50E80081BDB7D28002BA56D /* Info.plist */ = {isa = PBXFileReference; lastKnownFileType = text.plist.xml; path = Info.plist; sourceTree = "<group>"; };
		C50E800D1BDB7D28002BA56D /* ShareAndNavUITests.xctest */ = {isa = PBXFileReference; explicitFileType = wrapper.cfbundle; includeInIndex = 0; path = ShareAndNavUITests.xctest; sourceTree = BUILT_PRODUCTS_DIR; };
		C50E80111BDB7D28002BA56D /* ShareAndNavUITests.swift */ = {isa = PBXFileReference; lastKnownFileType = sourcecode.swift; path = ShareAndNavUITests.swift; sourceTree = "<group>"; };
		C50E80131BDB7D28002BA56D /* Info.plist */ = {isa = PBXFileReference; lastKnownFileType = text.plist.xml; path = Info.plist; sourceTree = "<group>"; };
		C544A4A41BE89673004607DD /* KeyboardDigitalView.swift */ = {isa = PBXFileReference; fileEncoding = 4; lastKnownFileType = sourcecode.swift; name = KeyboardDigitalView.swift; path = Classes/VC/View/KeyboardDigitalView.swift; sourceTree = "<group>"; };
		C57A47511BEB9DFF00D65AA9 /* ParkingRecord.plist */ = {isa = PBXFileReference; fileEncoding = 4; lastKnownFileType = text.plist.xml; name = ParkingRecord.plist; path = Resources/ParkingRecord.plist; sourceTree = "<group>"; };
		C57A47531BEC39A900D65AA9 /* CarInfomation.plist */ = {isa = PBXFileReference; fileEncoding = 4; lastKnownFileType = text.plist.xml; name = CarInfomation.plist; path = Resources/CarInfomation.plist; sourceTree = "<group>"; };
		C57A47591BEC454F00D65AA9 /* CarOwnership.swift */ = {isa = PBXFileReference; fileEncoding = 4; lastKnownFileType = sourcecode.swift; name = CarOwnership.swift; path = Classes/Model/CarOwnership.swift; sourceTree = "<group>"; };
		C57A475B1BEC542F00D65AA9 /* CarTableViewCell.swift */ = {isa = PBXFileReference; fileEncoding = 4; lastKnownFileType = sourcecode.swift; name = CarTableViewCell.swift; path = Classes/VC/Cell/CarTableViewCell.swift; sourceTree = "<group>"; };
		C5843DBA1BDDB89C0074C785 /* TypeDefine.swift */ = {isa = PBXFileReference; fileEncoding = 4; lastKnownFileType = sourcecode.swift; name = TypeDefine.swift; path = Classes/Model/TypeDefine.swift; sourceTree = "<group>"; };
		C5843DED1BDE71D80074C785 /* KeyChain.swift */ = {isa = PBXFileReference; fileEncoding = 4; lastKnownFileType = sourcecode.swift; name = KeyChain.swift; path = Classes/Model/KeyChain.swift; sourceTree = "<group>"; };
		C5843DEE1BDE71D80074C785 /* SwiftColors.swift */ = {isa = PBXFileReference; fileEncoding = 4; lastKnownFileType = sourcecode.swift; name = SwiftColors.swift; path = Classes/Model/SwiftColors.swift; sourceTree = "<group>"; };
		C5843E421BDF4D5F0074C785 /* NewLicensePlateViewController.swift */ = {isa = PBXFileReference; fileEncoding = 4; lastKnownFileType = sourcecode.swift; name = NewLicensePlateViewController.swift; path = Classes/VC/NewLicensePlateViewController.swift; sourceTree = "<group>"; };
		C5843E451BDF5E380074C785 /* FootMenuView.swift */ = {isa = PBXFileReference; fileEncoding = 4; lastKnownFileType = sourcecode.swift; name = FootMenuView.swift; path = Classes/VC/FootMenuView.swift; sourceTree = "<group>"; };
		C5843E471BDF62A40074C785 /* CarMaster.swift */ = {isa = PBXFileReference; fileEncoding = 4; lastKnownFileType = sourcecode.swift; name = CarMaster.swift; path = Classes/Model/CarMaster.swift; sourceTree = "<group>"; };
		C5843E501BDF6BAF0074C785 /* ShareAndNav-Bridging-Header.h */ = {isa = PBXFileReference; lastKnownFileType = sourcecode.c.h; path = "ShareAndNav-Bridging-Header.h"; sourceTree = "<group>"; };
		C5843E511BDF6BB00074C785 /* HomeViewController.h */ = {isa = PBXFileReference; fileEncoding = 4; lastKnownFileType = sourcecode.c.h; name = HomeViewController.h; path = Classes/VC/HomeViewController.h; sourceTree = "<group>"; };
		C5843E521BDF6BB00074C785 /* HomeViewController.m */ = {isa = PBXFileReference; fileEncoding = 4; lastKnownFileType = sourcecode.c.objc; name = HomeViewController.m; path = Classes/VC/HomeViewController.m; sourceTree = "<group>"; };
		C58CC88E1BF02E6E006D4F96 /* Carport.plist */ = {isa = PBXFileReference; fileEncoding = 4; lastKnownFileType = text.plist.xml; name = Carport.plist; path = Resources/Carport.plist; sourceTree = "<group>"; };
		C58CC8901BF0349A006D4F96 /* Carport.swift */ = {isa = PBXFileReference; fileEncoding = 4; lastKnownFileType = sourcecode.swift; name = Carport.swift; path = Classes/Model/Carport.swift; sourceTree = "<group>"; };
		C58CC8921BF035A3006D4F96 /* CarportShare.swift */ = {isa = PBXFileReference; fileEncoding = 4; lastKnownFileType = sourcecode.swift; name = CarportShare.swift; path = Classes/Model/CarportShare.swift; sourceTree = "<group>"; };
		C58CC8951BF04A3B006D4F96 /* XuPickerView.swift */ = {isa = PBXFileReference; fileEncoding = 4; lastKnownFileType = sourcecode.swift; name = XuPickerView.swift; path = Classes/VC/View/XuPickerView.swift; sourceTree = "<group>"; };
		C58CC8981BF0788A006D4F96 /* Violations.plist */ = {isa = PBXFileReference; fileEncoding = 4; lastKnownFileType = text.plist.xml; name = Violations.plist; path = Resources/Violations.plist; sourceTree = "<group>"; };
		C58CC89A1BF07AFF006D4F96 /* ViolationObject.swift */ = {isa = PBXFileReference; fileEncoding = 4; lastKnownFileType = sourcecode.swift; name = ViolationObject.swift; path = Classes/Model/ViolationObject.swift; sourceTree = "<group>"; };
		C58CC8A31BF0E0A5006D4F96 /* CityAndArea.plist */ = {isa = PBXFileReference; fileEncoding = 4; lastKnownFileType = text.plist.xml; name = CityAndArea.plist; path = Resources/CityAndArea.plist; sourceTree = "<group>"; };
		C59B32DD1BE7AA4F00AAE98C /* SubMasterView.swift */ = {isa = PBXFileReference; fileEncoding = 4; lastKnownFileType = sourcecode.swift; name = SubMasterView.swift; path = Classes/VC/SubMasterView.swift; sourceTree = "<group>"; };
		C5A8E84C1BE306D5008AD59B /* AMap.bundle */ = {isa = PBXFileReference; lastKnownFileType = "wrapper.plug-in"; name = AMap.bundle; path = Framework/AMap.bundle; sourceTree = "<group>"; };
		C5BA4FA71BEB2F5500EF6832 /* ViolationViewController.swift */ = {isa = PBXFileReference; fileEncoding = 4; lastKnownFileType = sourcecode.swift; name = ViolationViewController.swift; path = Classes/VC/ViolationViewController.swift; sourceTree = "<group>"; };
		C5BA4FA91BEB327100EF6832 /* CarportViewController.swift */ = {isa = PBXFileReference; fileEncoding = 4; lastKnownFileType = sourcecode.swift; name = CarportViewController.swift; path = Classes/VC/CarportViewController.swift; sourceTree = "<group>"; };
		C5BA4FAB1BEB355100EF6832 /* MessageViewController.swift */ = {isa = PBXFileReference; fileEncoding = 4; lastKnownFileType = sourcecode.swift; name = MessageViewController.swift; path = Classes/VC/MessageViewController.swift; sourceTree = "<group>"; };
		C5BF9FE31BF314A200E0E697 /* UIButton+Block.h */ = {isa = PBXFileReference; fileEncoding = 4; lastKnownFileType = sourcecode.c.h; name = "UIButton+Block.h"; path = "Classes/OC/UIButton+Block.h"; sourceTree = "<group>"; };
		C5BF9FE41BF314A200E0E697 /* UIButton+Block.m */ = {isa = PBXFileReference; fileEncoding = 4; lastKnownFileType = sourcecode.c.objc; name = "UIButton+Block.m"; path = "Classes/OC/UIButton+Block.m"; sourceTree = "<group>"; };
		C5C4EC391BEA06D00058B286 /* XuRegularExpression.swift */ = {isa = PBXFileReference; fileEncoding = 4; lastKnownFileType = sourcecode.swift; name = XuRegularExpression.swift; path = Classes/Model/XuRegularExpression.swift; sourceTree = "<group>"; };
		C5C4EC3A1BEA06D00058B286 /* XuUserDefault.swift */ = {isa = PBXFileReference; fileEncoding = 4; lastKnownFileType = sourcecode.swift; name = XuUserDefault.swift; path = Classes/Model/XuUserDefault.swift; sourceTree = "<group>"; };
		C5C8D0F31BEA140C00EAFD0B /* LoginViewController.swift */ = {isa = PBXFileReference; fileEncoding = 4; lastKnownFileType = sourcecode.swift; name = LoginViewController.swift; path = Classes/VC/LoginViewController.swift; sourceTree = "<group>"; };
		C5C8D0F61BEA1F8600EAFD0B /* CarViewController.swift */ = {isa = PBXFileReference; fileEncoding = 4; lastKnownFileType = sourcecode.swift; name = CarViewController.swift; path = Classes/VC/CarViewController.swift; sourceTree = "<group>"; };
		C5E5AD8A1BE2684D00AEE7AC /* AMapSearchKit.framework */ = {isa = PBXFileReference; lastKnownFileType = wrapper.framework; name = AMapSearchKit.framework; path = Framework/AMapSearchKit.framework; sourceTree = "<group>"; };
		C5E5AD8B1BE2684D00AEE7AC /* MAMapKit.framework */ = {isa = PBXFileReference; lastKnownFileType = wrapper.framework; name = MAMapKit.framework; path = Framework/MAMapKit.framework; sourceTree = "<group>"; };
		C5E5AD8F1BE2685500AEE7AC /* UIKit.framework */ = {isa = PBXFileReference; lastKnownFileType = wrapper.framework; name = UIKit.framework; path = System/Library/Frameworks/UIKit.framework; sourceTree = SDKROOT; };
		C5E5AD911BE2686000AEE7AC /* Foundation.framework */ = {isa = PBXFileReference; lastKnownFileType = wrapper.framework; name = Foundation.framework; path = System/Library/Frameworks/Foundation.framework; sourceTree = SDKROOT; };
		C5E5AD931BE2686700AEE7AC /* QuartzCore.framework */ = {isa = PBXFileReference; lastKnownFileType = wrapper.framework; name = QuartzCore.framework; path = System/Library/Frameworks/QuartzCore.framework; sourceTree = SDKROOT; };
		C5E5AD951BE2686E00AEE7AC /* SystemConfiguration.framework */ = {isa = PBXFileReference; lastKnownFileType = wrapper.framework; name = SystemConfiguration.framework; path = System/Library/Frameworks/SystemConfiguration.framework; sourceTree = SDKROOT; };
		C5E5AD971BE2687700AEE7AC /* OpenGLES.framework */ = {isa = PBXFileReference; lastKnownFileType = wrapper.framework; name = OpenGLES.framework; path = System/Library/Frameworks/OpenGLES.framework; sourceTree = SDKROOT; };
		C5E5AD991BE2687D00AEE7AC /* CoreLocation.framework */ = {isa = PBXFileReference; lastKnownFileType = wrapper.framework; name = CoreLocation.framework; path = System/Library/Frameworks/CoreLocation.framework; sourceTree = SDKROOT; };
		C5E5AD9B1BE2688300AEE7AC /* CoreTelephony.framework */ = {isa = PBXFileReference; lastKnownFileType = wrapper.framework; name = CoreTelephony.framework; path = System/Library/Frameworks/CoreTelephony.framework; sourceTree = SDKROOT; };
		C5E5AD9D1BE2688A00AEE7AC /* CoreGraphics.framework */ = {isa = PBXFileReference; lastKnownFileType = wrapper.framework; name = CoreGraphics.framework; path = System/Library/Frameworks/CoreGraphics.framework; sourceTree = SDKROOT; };
		C5E5AD9F1BE2689000AEE7AC /* libz.tbd */ = {isa = PBXFileReference; lastKnownFileType = "sourcecode.text-based-dylib-definition"; name = libz.tbd; path = usr/lib/libz.tbd; sourceTree = SDKROOT; };
		C5E5ADA11BE2689A00AEE7AC /* libstdc++.6.0.9.tbd */ = {isa = PBXFileReference; lastKnownFileType = "sourcecode.text-based-dylib-definition"; name = "libstdc++.6.0.9.tbd"; path = "usr/lib/libstdc++.6.0.9.tbd"; sourceTree = SDKROOT; };
		C5E5ADA31BE268A600AEE7AC /* libc++.tbd */ = {isa = PBXFileReference; lastKnownFileType = "sourcecode.text-based-dylib-definition"; name = "libc++.tbd"; path = "usr/lib/libc++.tbd"; sourceTree = SDKROOT; };
		C5E5ADA51BE2692F00AEE7AC /* MasterViewController.swift */ = {isa = PBXFileReference; fileEncoding = 4; lastKnownFileType = sourcecode.swift; name = MasterViewController.swift; path = Classes/VC/MasterViewController.swift; sourceTree = "<group>"; };
		C5FF79CE1BF1FAEB00CAA14A /* CarportTableViewCell.swift */ = {isa = PBXFileReference; fileEncoding = 4; lastKnownFileType = sourcecode.swift; name = CarportTableViewCell.swift; path = Classes/VC/Cell/CarportTableViewCell.swift; sourceTree = "<group>"; };
/* End PBXFileReference section */

/* Begin PBXFrameworksBuildPhase section */
		C50E7FEB1BDB7D28002BA56D /* Frameworks */ = {
			isa = PBXFrameworksBuildPhase;
			buildActionMask = 2147483647;
			files = (
				C5E5ADA41BE268A600AEE7AC /* libc++.tbd in Frameworks */,
				C5E5ADA21BE2689A00AEE7AC /* libstdc++.6.0.9.tbd in Frameworks */,
				C5E5ADA01BE2689000AEE7AC /* libz.tbd in Frameworks */,
				C5E5AD9E1BE2688A00AEE7AC /* CoreGraphics.framework in Frameworks */,
				C5E5AD9C1BE2688300AEE7AC /* CoreTelephony.framework in Frameworks */,
				C5E5AD9A1BE2687D00AEE7AC /* CoreLocation.framework in Frameworks */,
				C5E5AD981BE2687700AEE7AC /* OpenGLES.framework in Frameworks */,
				C5E5AD961BE2686E00AEE7AC /* SystemConfiguration.framework in Frameworks */,
				C5E5AD941BE2686700AEE7AC /* QuartzCore.framework in Frameworks */,
				C5E5AD921BE2686000AEE7AC /* Foundation.framework in Frameworks */,
				C5E5AD901BE2685500AEE7AC /* UIKit.framework in Frameworks */,
				C5E5AD8D1BE2684D00AEE7AC /* AMapSearchKit.framework in Frameworks */,
				C5E5AD8E1BE2684D00AEE7AC /* MAMapKit.framework in Frameworks */,
			);
			runOnlyForDeploymentPostprocessing = 0;
		};
		C50E7FFF1BDB7D28002BA56D /* Frameworks */ = {
			isa = PBXFrameworksBuildPhase;
			buildActionMask = 2147483647;
			files = (
			);
			runOnlyForDeploymentPostprocessing = 0;
		};
		C50E800A1BDB7D28002BA56D /* Frameworks */ = {
			isa = PBXFrameworksBuildPhase;
			buildActionMask = 2147483647;
			files = (
			);
			runOnlyForDeploymentPostprocessing = 0;
		};
/* End PBXFrameworksBuildPhase section */

/* Begin PBXGroup section */
		8F4327E61BFEFEF8005B4B60 /* Others */ = {
			isa = PBXGroup;
			children = (
				8FE2E2581BFAC40E009A4F5C /* HoshiTextField.swift */,
				8FE2E2591BFAC40E009A4F5C /* TextFieldsEffects.swift */,
			);
			name = Others;
			sourceTree = "<group>";
		};
		8F577DD31BFC21FA007CF72F /* CarBranch */ = {
			isa = PBXGroup;
			children = (
				C5C8D0F61BEA1F8600EAFD0B /* CarViewController.swift */,
				C5843E421BDF4D5F0074C785 /* NewLicensePlateViewController.swift */,
				8FDE28521BFA1A0700830E37 /* OwnerIdentifyViewController.swift */,
			);
			name = CarBranch;
			sourceTree = "<group>";
		};
		8F577DD41BFC2209007CF72F /* CarportBranch */ = {
			isa = PBXGroup;
			children = (
				C5BA4FA91BEB327100EF6832 /* CarportViewController.swift */,
				8F561BBC1BFE0A4400768276 /* CarportShareViewController.swift */,
			);
			name = CarportBranch;
			sourceTree = "<group>";
		};
		8F577DD51BFC2221007CF72F /* ViolationBranch */ = {
			isa = PBXGroup;
			children = (
				C5BA4FA71BEB2F5500EF6832 /* ViolationViewController.swift */,
				8F4327ED1BFF12EA005B4B60 /* ViolationDetailViewController.swift */,
			);
			name = ViolationBranch;
			sourceTree = "<group>";
		};
		8F577DD61BFC2231007CF72F /* Master */ = {
			isa = PBXGroup;
			children = (
				C5C8D0F31BEA140C00EAFD0B /* LoginViewController.swift */,
				C5E5ADA51BE2692F00AEE7AC /* MasterViewController.swift */,
				C5BA4FAB1BEB355100EF6832 /* MessageViewController.swift */,
				8FE71C2F1BF4CABD0043208F /* PersonalViewController.swift */,
				8FE142231BF606FF00C236A8 /* SettingViewController.swift */,
				8FE142251BF60F4100C236A8 /* AcProtocolViewController.swift */,
			);
			name = Master;
			sourceTree = "<group>";
		};
		8F577DD71BFC2249007CF72F /* ParkBranch */ = {
			isa = PBXGroup;
			children = (
				8FE71C331BF4D2CB0043208F /* ParkingRecordViewController.swift */,
				8F577DD91BFC22D6007CF72F /* ParkStateViewController.swift */,
			);
			name = ParkBranch;
			sourceTree = "<group>";
		};
		8F577DD81BFC22A2007CF72F /* PayBranch */ = {
			isa = PBXGroup;
			children = (
				8FE71C311BF4D22B0043208F /* PayViewController.swift */,
				8F38EE9C1BF76B3B003484CC /* NewPayViewController.swift */,
				8FE142211BF5EF2E00C236A8 /* ReceiptViewController.swift */,
			);
			name = PayBranch;
			sourceTree = "<group>";
		};
		C50E7FE51BDB7D28002BA56D = {
			isa = PBXGroup;
			children = (
				C50E7FF01BDB7D28002BA56D /* ShareAndNav */,
				C5843E4F1BDF6B8E0074C785 /* Framework */,
				C50E80051BDB7D28002BA56D /* ShareAndNavTests */,
				C50E80101BDB7D28002BA56D /* ShareAndNavUITests */,
				C50E7FEF1BDB7D28002BA56D /* Products */,
			);
			sourceTree = "<group>";
		};
		C50E7FEF1BDB7D28002BA56D /* Products */ = {
			isa = PBXGroup;
			children = (
				C50E7FEE1BDB7D28002BA56D /* i车生活.app */,
				C50E80021BDB7D28002BA56D /* ShareAndNavTests.xctest */,
				C50E800D1BDB7D28002BA56D /* ShareAndNavUITests.xctest */,
			);
			name = Products;
			sourceTree = "<group>";
		};
		C50E7FF01BDB7D28002BA56D /* ShareAndNav */ = {
			isa = PBXGroup;
			children = (
				C50E7FF11BDB7D28002BA56D /* AppDelegate.swift */,
				8F577DD61BFC2231007CF72F /* Master */,
				8F577DD31BFC21FA007CF72F /* CarBranch */,
				8F577DD41BFC2209007CF72F /* CarportBranch */,
				8F577DD51BFC2221007CF72F /* ViolationBranch */,
				8F577DD71BFC2249007CF72F /* ParkBranch */,
				8F577DD81BFC22A2007CF72F /* PayBranch */,
				C5843E511BDF6BB00074C785 /* HomeViewController.h */,
				C5843E521BDF6BB00074C785 /* HomeViewController.m */,
				C57A475D1BEC543C00D65AA9 /* Cell */,
				C57A47551BEC3ECF00D65AA9 /* Model */,
				C544A4A31BE89602004607DD /* View */,
				8F4327E61BFEFEF8005B4B60 /* Others */,
				C5843DF51BDE72240074C785 /* MainFile */,
				C5843DEC1BDE719A0074C785 /* Assistant */,
				C5A8E84E1BE34B76008AD59B /* Resources */,
				C5843E501BDF6BAF0074C785 /* ShareAndNav-Bridging-Header.h */,
			);
			path = ShareAndNav;
			sourceTree = "<group>";
		};
		C50E80051BDB7D28002BA56D /* ShareAndNavTests */ = {
			isa = PBXGroup;
			children = (
				C50E80061BDB7D28002BA56D /* ShareAndNavTests.swift */,
				C50E80081BDB7D28002BA56D /* Info.plist */,
			);
			path = ShareAndNavTests;
			sourceTree = "<group>";
		};
		C50E80101BDB7D28002BA56D /* ShareAndNavUITests */ = {
			isa = PBXGroup;
			children = (
				C50E80111BDB7D28002BA56D /* ShareAndNavUITests.swift */,
				C50E80131BDB7D28002BA56D /* Info.plist */,
			);
			path = ShareAndNavUITests;
			sourceTree = "<group>";
		};
		C544A4A31BE89602004607DD /* View */ = {
			isa = PBXGroup;
			children = (
				8FE1421F1BF5D55600C236A8 /* HeaderView.swift */,
				C59B32DD1BE7AA4F00AAE98C /* SubMasterView.swift */,
				C5843E451BDF5E380074C785 /* FootMenuView.swift */,
				C58CC8951BF04A3B006D4F96 /* XuPickerView.swift */,
				C544A4A41BE89673004607DD /* KeyboardDigitalView.swift */,
			);
			name = View;
			sourceTree = "<group>";
		};
		C57A47551BEC3ECF00D65AA9 /* Model */ = {
			isa = PBXGroup;
			children = (
				C5843E471BDF62A40074C785 /* CarMaster.swift */,
				C57A47591BEC454F00D65AA9 /* CarOwnership.swift */,
				C58CC8901BF0349A006D4F96 /* Carport.swift */,
				C58CC8921BF035A3006D4F96 /* CarportShare.swift */,
				C58CC89A1BF07AFF006D4F96 /* ViolationObject.swift */,
			);
			name = Model;
			sourceTree = "<group>";
		};
		C57A475D1BEC543C00D65AA9 /* Cell */ = {
			isa = PBXGroup;
			children = (
				C57A475B1BEC542F00D65AA9 /* CarTableViewCell.swift */,
				C5022EC31BE0A9B400DBC2FF /* UniversalTableViewCell.swift */,
				C5FF79CE1BF1FAEB00CAA14A /* CarportTableViewCell.swift */,
				8F38EE9E1BF770A2003484CC /* RecordTableViewCell.swift */,
				8F4327E91BFF061D005B4B60 /* ArrayTableViewCell.swift */,
				8F4327E21BFEFAE8005B4B60 /* ViolationTableViewCell.swift */,
			);
			name = Cell;
			sourceTree = "<group>";
		};
		C5843DEC1BDE719A0074C785 /* Assistant */ = {
			isa = PBXGroup;
			children = (
				C5C4EC3A1BEA06D00058B286 /* XuUserDefault.swift */,
				8F577DE01BFC956B007CF72F /* XuCamera.swift */,
				C5843DBA1BDDB89C0074C785 /* TypeDefine.swift */,
				8FE1421D1BF5C86400C236A8 /* Helper.swift */,
				C5C4EC391BEA06D00058B286 /* XuRegularExpression.swift */,
				C5843DED1BDE71D80074C785 /* KeyChain.swift */,
				C5843DEE1BDE71D80074C785 /* SwiftColors.swift */,
				C5BF9FE31BF314A200E0E697 /* UIButton+Block.h */,
				C5BF9FE41BF314A200E0E697 /* UIButton+Block.m */,
			);
			name = Assistant;
			sourceTree = "<group>";
		};
		C5843DF51BDE72240074C785 /* MainFile */ = {
			isa = PBXGroup;
			children = (
				C50E7FF51BDB7D28002BA56D /* Main.storyboard */,
				C50E7FF81BDB7D28002BA56D /* Assets.xcassets */,
				C50E7FFA1BDB7D28002BA56D /* LaunchScreen.storyboard */,
				C50E7FFD1BDB7D28002BA56D /* Info.plist */,
				C57A47511BEB9DFF00D65AA9 /* ParkingRecord.plist */,
				C57A47531BEC39A900D65AA9 /* CarInfomation.plist */,
				C58CC88E1BF02E6E006D4F96 /* Carport.plist */,
				C58CC8981BF0788A006D4F96 /* Violations.plist */,
				C58CC8A31BF0E0A5006D4F96 /* CityAndArea.plist */,
				8F577DDB1BFC246E007CF72F /* ParkState.plist */,
				8F561BBE1BFE10C200768276 /* CarportState.plist */,
			);
			name = MainFile;
			sourceTree = "<group>";
		};
		C5843E4F1BDF6B8E0074C785 /* Framework */ = {
			isa = PBXGroup;
			children = (
				C5E5ADA31BE268A600AEE7AC /* libc++.tbd */,
				C5E5ADA11BE2689A00AEE7AC /* libstdc++.6.0.9.tbd */,
				C5E5AD9F1BE2689000AEE7AC /* libz.tbd */,
				C5A8E84C1BE306D5008AD59B /* AMap.bundle */,
				C5E5AD9D1BE2688A00AEE7AC /* CoreGraphics.framework */,
				C5E5AD9B1BE2688300AEE7AC /* CoreTelephony.framework */,
				C5E5AD991BE2687D00AEE7AC /* CoreLocation.framework */,
				C5E5AD971BE2687700AEE7AC /* OpenGLES.framework */,
				C5E5AD951BE2686E00AEE7AC /* SystemConfiguration.framework */,
				C5E5AD931BE2686700AEE7AC /* QuartzCore.framework */,
				C5E5AD911BE2686000AEE7AC /* Foundation.framework */,
				C5E5AD8F1BE2685500AEE7AC /* UIKit.framework */,
				C5E5AD8A1BE2684D00AEE7AC /* AMapSearchKit.framework */,
				C5E5AD8B1BE2684D00AEE7AC /* MAMapKit.framework */,
			);
			name = Framework;
			path = ShareAndNav;
			sourceTree = "<group>";
		};
		C5A8E84E1BE34B76008AD59B /* Resources */ = {
			isa = PBXGroup;
			children = (
			);
			name = Resources;
			sourceTree = "<group>";
		};
/* End PBXGroup section */

/* Begin PBXNativeTarget section */
		C50E7FED1BDB7D28002BA56D /* ShareAndNav */ = {
			isa = PBXNativeTarget;
			buildConfigurationList = C50E80161BDB7D28002BA56D /* Build configuration list for PBXNativeTarget "ShareAndNav" */;
			buildPhases = (
				C50E7FEA1BDB7D28002BA56D /* Sources */,
				C50E7FEB1BDB7D28002BA56D /* Frameworks */,
				C50E7FEC1BDB7D28002BA56D /* Resources */,
			);
			buildRules = (
			);
			dependencies = (
			);
			name = ShareAndNav;
			productName = ShareAndNav;
			productReference = C50E7FEE1BDB7D28002BA56D /* i车生活.app */;
			productType = "com.apple.product-type.application";
		};
		C50E80011BDB7D28002BA56D /* ShareAndNavTests */ = {
			isa = PBXNativeTarget;
			buildConfigurationList = C50E80191BDB7D28002BA56D /* Build configuration list for PBXNativeTarget "ShareAndNavTests" */;
			buildPhases = (
				C50E7FFE1BDB7D28002BA56D /* Sources */,
				C50E7FFF1BDB7D28002BA56D /* Frameworks */,
				C50E80001BDB7D28002BA56D /* Resources */,
			);
			buildRules = (
			);
			dependencies = (
				C50E80041BDB7D28002BA56D /* PBXTargetDependency */,
			);
			name = ShareAndNavTests;
			productName = ShareAndNavTests;
			productReference = C50E80021BDB7D28002BA56D /* ShareAndNavTests.xctest */;
			productType = "com.apple.product-type.bundle.unit-test";
		};
		C50E800C1BDB7D28002BA56D /* ShareAndNavUITests */ = {
			isa = PBXNativeTarget;
			buildConfigurationList = C50E801C1BDB7D28002BA56D /* Build configuration list for PBXNativeTarget "ShareAndNavUITests" */;
			buildPhases = (
				C50E80091BDB7D28002BA56D /* Sources */,
				C50E800A1BDB7D28002BA56D /* Frameworks */,
				C50E800B1BDB7D28002BA56D /* Resources */,
			);
			buildRules = (
			);
			dependencies = (
				C50E800F1BDB7D28002BA56D /* PBXTargetDependency */,
			);
			name = ShareAndNavUITests;
			productName = ShareAndNavUITests;
			productReference = C50E800D1BDB7D28002BA56D /* ShareAndNavUITests.xctest */;
			productType = "com.apple.product-type.bundle.ui-testing";
		};
/* End PBXNativeTarget section */

/* Begin PBXProject section */
		C50E7FE61BDB7D28002BA56D /* Project object */ = {
			isa = PBXProject;
			attributes = {
				LastSwiftUpdateCheck = 0700;
				LastUpgradeCheck = 0700;
				ORGANIZATIONNAME = "徐成";
				TargetAttributes = {
					C50E7FED1BDB7D28002BA56D = {
						CreatedOnToolsVersion = 7.0.1;
						DevelopmentTeam = RQUL2FUN9H;
					};
					C50E80011BDB7D28002BA56D = {
						CreatedOnToolsVersion = 7.0.1;
						TestTargetID = C50E7FED1BDB7D28002BA56D;
					};
					C50E800C1BDB7D28002BA56D = {
						CreatedOnToolsVersion = 7.0.1;
						TestTargetID = C50E7FED1BDB7D28002BA56D;
					};
				};
			};
			buildConfigurationList = C50E7FE91BDB7D28002BA56D /* Build configuration list for PBXProject "ShareAndNav" */;
			compatibilityVersion = "Xcode 3.2";
			developmentRegion = English;
			hasScannedForEncodings = 0;
			knownRegions = (
				en,
				Base,
			);
			mainGroup = C50E7FE51BDB7D28002BA56D;
			productRefGroup = C50E7FEF1BDB7D28002BA56D /* Products */;
			projectDirPath = "";
			projectRoot = "";
			targets = (
				C50E7FED1BDB7D28002BA56D /* ShareAndNav */,
				C50E80011BDB7D28002BA56D /* ShareAndNavTests */,
				C50E800C1BDB7D28002BA56D /* ShareAndNavUITests */,
			);
		};
/* End PBXProject section */

/* Begin PBXResourcesBuildPhase section */
		C50E7FEC1BDB7D28002BA56D /* Resources */ = {
			isa = PBXResourcesBuildPhase;
			buildActionMask = 2147483647;
			files = (
				8F561BBF1BFE10C200768276 /* CarportState.plist in Resources */,
				C50E7FFC1BDB7D28002BA56D /* LaunchScreen.storyboard in Resources */,
				C58CC88F1BF02E6F006D4F96 /* Carport.plist in Resources */,
				C58CC8A41BF0E0A5006D4F96 /* CityAndArea.plist in Resources */,
				C57A47541BEC39A900D65AA9 /* CarInfomation.plist in Resources */,
				C50E7FF91BDB7D28002BA56D /* Assets.xcassets in Resources */,
				C5A8E84D1BE306D5008AD59B /* AMap.bundle in Resources */,
				C57A47521BEB9DFF00D65AA9 /* ParkingRecord.plist in Resources */,
				8F577DDC1BFC246E007CF72F /* ParkState.plist in Resources */,
				C58CC8991BF0788A006D4F96 /* Violations.plist in Resources */,
				C50E7FF71BDB7D28002BA56D /* Main.storyboard in Resources */,
			);
			runOnlyForDeploymentPostprocessing = 0;
		};
		C50E80001BDB7D28002BA56D /* Resources */ = {
			isa = PBXResourcesBuildPhase;
			buildActionMask = 2147483647;
			files = (
			);
			runOnlyForDeploymentPostprocessing = 0;
		};
		C50E800B1BDB7D28002BA56D /* Resources */ = {
			isa = PBXResourcesBuildPhase;
			buildActionMask = 2147483647;
			files = (
			);
			runOnlyForDeploymentPostprocessing = 0;
		};
/* End PBXResourcesBuildPhase section */

/* Begin PBXSourcesBuildPhase section */
		C50E7FEA1BDB7D28002BA56D /* Sources */ = {
			isa = PBXSourcesBuildPhase;
			buildActionMask = 2147483647;
			files = (
				8F38EE9F1BF770A2003484CC /* RecordTableViewCell.swift in Sources */,
				8F577DDA1BFC22D6007CF72F /* ParkStateViewController.swift in Sources */,
				C58CC89B1BF07AFF006D4F96 /* ViolationObject.swift in Sources */,
				8F4327E31BFEFAE8005B4B60 /* ViolationTableViewCell.swift in Sources */,
				8FDE28531BFA1A0700830E37 /* OwnerIdentifyViewController.swift in Sources */,
				8FE71C341BF4D2CB0043208F /* ParkingRecordViewController.swift in Sources */,
				8FE71C321BF4D22B0043208F /* PayViewController.swift in Sources */,
				8FE142221BF5EF2E00C236A8 /* ReceiptViewController.swift in Sources */,
				C5843E461BDF5E380074C785 /* FootMenuView.swift in Sources */,
				8FE142241BF606FF00C236A8 /* SettingViewController.swift in Sources */,
				8F577DE11BFC956B007CF72F /* XuCamera.swift in Sources */,
				C5022EC41BE0A9B400DBC2FF /* UniversalTableViewCell.swift in Sources */,
				C5C4EC3B1BEA06D00058B286 /* XuRegularExpression.swift in Sources */,
				C58CC8911BF0349A006D4F96 /* Carport.swift in Sources */,
				C5E5ADA61BE2692F00AEE7AC /* MasterViewController.swift in Sources */,
				C59B32DE1BE7AA4F00AAE98C /* SubMasterView.swift in Sources */,
				C50E7FF21BDB7D28002BA56D /* AppDelegate.swift in Sources */,
				8F561BBD1BFE0A4400768276 /* CarportShareViewController.swift in Sources */,
				8FE2E25B1BFAC40E009A4F5C /* TextFieldsEffects.swift in Sources */,
				C5FF79CF1BF1FAEC00CAA14A /* CarportTableViewCell.swift in Sources */,
				C5BA4FAA1BEB327100EF6832 /* CarportViewController.swift in Sources */,
				C5843E531BDF6BB00074C785 /* HomeViewController.m in Sources */,
				C57A475C1BEC542F00D65AA9 /* CarTableViewCell.swift in Sources */,
				8F38EE9D1BF76B3B003484CC /* NewPayViewController.swift in Sources */,
				C57A475A1BEC454F00D65AA9 /* CarOwnership.swift in Sources */,
				8FE71C301BF4CABD0043208F /* PersonalViewController.swift in Sources */,
				C5843E431BDF4D5F0074C785 /* NewLicensePlateViewController.swift in Sources */,
				C5843E481BDF62A40074C785 /* CarMaster.swift in Sources */,
				C544A4A51BE89673004607DD /* KeyboardDigitalView.swift in Sources */,
				8F4327EE1BFF12EA005B4B60 /* ViolationDetailViewController.swift in Sources */,
				8FE2E25A1BFAC40E009A4F5C /* HoshiTextField.swift in Sources */,
				8FE142201BF5D55600C236A8 /* HeaderView.swift in Sources */,
				C5843DEF1BDE71D80074C785 /* KeyChain.swift in Sources */,
				C5BA4FA81BEB2F5500EF6832 /* ViolationViewController.swift in Sources */,
				8F4327EA1BFF061D005B4B60 /* ArrayTableViewCell.swift in Sources */,
				C5C8D0F41BEA140C00EAFD0B /* LoginViewController.swift in Sources */,
				C5BF9FE51BF314A200E0E697 /* UIButton+Block.m in Sources */,
				8FE1421E1BF5C86400C236A8 /* Helper.swift in Sources */,
				C5BA4FAC1BEB355100EF6832 /* MessageViewController.swift in Sources */,
				C5C8D0F71BEA1F8600EAFD0B /* CarViewController.swift in Sources */,
				C58CC8961BF04A3B006D4F96 /* XuPickerView.swift in Sources */,
				C5843DBB1BDDB89C0074C785 /* TypeDefine.swift in Sources */,
				8FE142261BF60F4100C236A8 /* AcProtocolViewController.swift in Sources */,
				C5843DF21BDE71D80074C785 /* SwiftColors.swift in Sources */,
				C5C4EC3C1BEA06D00058B286 /* XuUserDefault.swift in Sources */,
				C58CC8931BF035A3006D4F96 /* CarportShare.swift in Sources */,
			);
			runOnlyForDeploymentPostprocessing = 0;
		};
		C50E7FFE1BDB7D28002BA56D /* Sources */ = {
			isa = PBXSourcesBuildPhase;
			buildActionMask = 2147483647;
			files = (
				C50E80071BDB7D28002BA56D /* ShareAndNavTests.swift in Sources */,
				C5843DF01BDE71D80074C785 /* KeyChain.swift in Sources */,
				C5843DBC1BDDB89C0074C785 /* TypeDefine.swift in Sources */,
				C5843DF31BDE71D80074C785 /* SwiftColors.swift in Sources */,
			);
			runOnlyForDeploymentPostprocessing = 0;
		};
		C50E80091BDB7D28002BA56D /* Sources */ = {
			isa = PBXSourcesBuildPhase;
			buildActionMask = 2147483647;
			files = (
				C50E80121BDB7D28002BA56D /* ShareAndNavUITests.swift in Sources */,
				C5843DF11BDE71D80074C785 /* KeyChain.swift in Sources */,
				C5843DBD1BDDB89C0074C785 /* TypeDefine.swift in Sources */,
				C5843DF41BDE71D80074C785 /* SwiftColors.swift in Sources */,
			);
			runOnlyForDeploymentPostprocessing = 0;
		};
/* End PBXSourcesBuildPhase section */

/* Begin PBXTargetDependency section */
		C50E80041BDB7D28002BA56D /* PBXTargetDependency */ = {
			isa = PBXTargetDependency;
			target = C50E7FED1BDB7D28002BA56D /* ShareAndNav */;
			targetProxy = C50E80031BDB7D28002BA56D /* PBXContainerItemProxy */;
		};
		C50E800F1BDB7D28002BA56D /* PBXTargetDependency */ = {
			isa = PBXTargetDependency;
			target = C50E7FED1BDB7D28002BA56D /* ShareAndNav */;
			targetProxy = C50E800E1BDB7D28002BA56D /* PBXContainerItemProxy */;
		};
/* End PBXTargetDependency section */

/* Begin PBXVariantGroup section */
		C50E7FF51BDB7D28002BA56D /* Main.storyboard */ = {
			isa = PBXVariantGroup;
			children = (
				C50E7FF61BDB7D28002BA56D /* Base */,
			);
			name = Main.storyboard;
			sourceTree = "<group>";
		};
		C50E7FFA1BDB7D28002BA56D /* LaunchScreen.storyboard */ = {
			isa = PBXVariantGroup;
			children = (
				C50E7FFB1BDB7D28002BA56D /* Base */,
			);
			name = LaunchScreen.storyboard;
			sourceTree = "<group>";
		};
/* End PBXVariantGroup section */

/* Begin XCBuildConfiguration section */
		C50E80141BDB7D28002BA56D /* Debug */ = {
			isa = XCBuildConfiguration;
			buildSettings = {
				ALWAYS_SEARCH_USER_PATHS = NO;
				CLANG_CXX_LANGUAGE_STANDARD = "gnu++0x";
				CLANG_CXX_LIBRARY = "libc++";
				CLANG_ENABLE_MODULES = YES;
				CLANG_ENABLE_OBJC_ARC = YES;
				CLANG_WARN_BOOL_CONVERSION = YES;
				CLANG_WARN_CONSTANT_CONVERSION = YES;
				CLANG_WARN_DIRECT_OBJC_ISA_USAGE = YES_ERROR;
				CLANG_WARN_EMPTY_BODY = YES;
				CLANG_WARN_ENUM_CONVERSION = YES;
				CLANG_WARN_INT_CONVERSION = YES;
				CLANG_WARN_OBJC_ROOT_CLASS = YES_ERROR;
				CLANG_WARN_UNREACHABLE_CODE = YES;
				CLANG_WARN__DUPLICATE_METHOD_MATCH = YES;
				"CODE_SIGN_IDENTITY[sdk=iphoneos*]" = "iPhone Developer";
				COPY_PHASE_STRIP = NO;
				DEBUG_INFORMATION_FORMAT = dwarf;
				ENABLE_STRICT_OBJC_MSGSEND = YES;
				ENABLE_TESTABILITY = YES;
				GCC_C_LANGUAGE_STANDARD = gnu99;
				GCC_DYNAMIC_NO_PIC = NO;
				GCC_NO_COMMON_BLOCKS = YES;
				GCC_OPTIMIZATION_LEVEL = 0;
				GCC_PREPROCESSOR_DEFINITIONS = (
					"DEBUG=1",
					"$(inherited)",
				);
				GCC_WARN_64_TO_32_BIT_CONVERSION = YES;
				GCC_WARN_ABOUT_RETURN_TYPE = YES_ERROR;
				GCC_WARN_UNDECLARED_SELECTOR = YES;
				GCC_WARN_UNINITIALIZED_AUTOS = YES_AGGRESSIVE;
				GCC_WARN_UNUSED_FUNCTION = YES;
				GCC_WARN_UNUSED_VARIABLE = YES;
				IPHONEOS_DEPLOYMENT_TARGET = 9.1;
				MTL_ENABLE_DEBUG_INFO = YES;
				ONLY_ACTIVE_ARCH = YES;
				SDKROOT = iphoneos;
				SWIFT_OPTIMIZATION_LEVEL = "-Onone";
			};
			name = Debug;
		};
		C50E80151BDB7D28002BA56D /* Release */ = {
			isa = XCBuildConfiguration;
			buildSettings = {
				ALWAYS_SEARCH_USER_PATHS = NO;
				CLANG_CXX_LANGUAGE_STANDARD = "gnu++0x";
				CLANG_CXX_LIBRARY = "libc++";
				CLANG_ENABLE_MODULES = YES;
				CLANG_ENABLE_OBJC_ARC = YES;
				CLANG_WARN_BOOL_CONVERSION = YES;
				CLANG_WARN_CONSTANT_CONVERSION = YES;
				CLANG_WARN_DIRECT_OBJC_ISA_USAGE = YES_ERROR;
				CLANG_WARN_EMPTY_BODY = YES;
				CLANG_WARN_ENUM_CONVERSION = YES;
				CLANG_WARN_INT_CONVERSION = YES;
				CLANG_WARN_OBJC_ROOT_CLASS = YES_ERROR;
				CLANG_WARN_UNREACHABLE_CODE = YES;
				CLANG_WARN__DUPLICATE_METHOD_MATCH = YES;
				"CODE_SIGN_IDENTITY[sdk=iphoneos*]" = "iPhone Developer";
				COPY_PHASE_STRIP = NO;
				DEBUG_INFORMATION_FORMAT = "dwarf-with-dsym";
				ENABLE_NS_ASSERTIONS = NO;
				ENABLE_STRICT_OBJC_MSGSEND = YES;
				GCC_C_LANGUAGE_STANDARD = gnu99;
				GCC_NO_COMMON_BLOCKS = YES;
				GCC_WARN_64_TO_32_BIT_CONVERSION = YES;
				GCC_WARN_ABOUT_RETURN_TYPE = YES_ERROR;
				GCC_WARN_UNDECLARED_SELECTOR = YES;
				GCC_WARN_UNINITIALIZED_AUTOS = YES_AGGRESSIVE;
				GCC_WARN_UNUSED_FUNCTION = YES;
				GCC_WARN_UNUSED_VARIABLE = YES;
				IPHONEOS_DEPLOYMENT_TARGET = 9.1;
				MTL_ENABLE_DEBUG_INFO = NO;
				SDKROOT = iphoneos;
				VALIDATE_PRODUCT = YES;
			};
			name = Release;
		};
		C50E80171BDB7D28002BA56D /* Debug */ = {
			isa = XCBuildConfiguration;
			buildSettings = {
				ASSETCATALOG_COMPILER_APPICON_NAME = AppIcon;
				CLANG_ENABLE_MODULES = YES;
				CODE_SIGN_IDENTITY = "iPhone Developer";
				"CODE_SIGN_IDENTITY[sdk=iphoneos*]" = "iPhone Developer";
				FRAMEWORK_SEARCH_PATHS = (
					"$(inherited)",
					"$(PROJECT_DIR)/ShareAndNav/Framework",
				);
				INFOPLIST_FILE = ShareAndNav/Info.plist;
				IPHONEOS_DEPLOYMENT_TARGET = 9.1;
				LD_RUNPATH_SEARCH_PATHS = "$(inherited) @executable_path/Frameworks";
				OTHER_LDFLAGS = "-Objc";
				PRODUCT_BUNDLE_IDENTIFIER = Pursue.ShareAndNav;
				PRODUCT_MODULE_NAME = ShareAndNav;
				PRODUCT_NAME = "i车生活";
				PROVISIONING_PROFILE = "";
				SWIFT_OBJC_BRIDGING_HEADER = "ShareAndNav/ShareAndNav-Bridging-Header.h";
				SWIFT_OPTIMIZATION_LEVEL = "-Onone";
			};
			name = Debug;
		};
		C50E80181BDB7D28002BA56D /* Release */ = {
			isa = XCBuildConfiguration;
			buildSettings = {
				ASSETCATALOG_COMPILER_APPICON_NAME = AppIcon;
				CLANG_ENABLE_MODULES = YES;
				CODE_SIGN_IDENTITY = "iPhone Developer";
				"CODE_SIGN_IDENTITY[sdk=iphoneos*]" = "iPhone Developer";
				FRAMEWORK_SEARCH_PATHS = (
					"$(inherited)",
					"$(PROJECT_DIR)/ShareAndNav/Framework",
				);
				INFOPLIST_FILE = ShareAndNav/Info.plist;
				IPHONEOS_DEPLOYMENT_TARGET = 9.1;
				LD_RUNPATH_SEARCH_PATHS = "$(inherited) @executable_path/Frameworks";
				OTHER_LDFLAGS = "-Objc";
				PRODUCT_BUNDLE_IDENTIFIER = Pursue.ShareAndNav;
				PRODUCT_MODULE_NAME = ShareAndNav;
				PRODUCT_NAME = "i车生活";
				PROVISIONING_PROFILE = "";
				SWIFT_OBJC_BRIDGING_HEADER = "ShareAndNav/ShareAndNav-Bridging-Header.h";
			};
			name = Release;
		};
		C50E801A1BDB7D28002BA56D /* Debug */ = {
			isa = XCBuildConfiguration;
			buildSettings = {
				BUNDLE_LOADER = "$(TEST_HOST)";
				INFOPLIST_FILE = ShareAndNavTests/Info.plist;
				LD_RUNPATH_SEARCH_PATHS = "$(inherited) @executable_path/Frameworks @loader_path/Frameworks";
				PRODUCT_BUNDLE_IDENTIFIER = Pursue.ShareAndNavTests;
				PRODUCT_NAME = "$(TARGET_NAME)";
				TEST_HOST = "$(BUILT_PRODUCTS_DIR)/ShareAndNav.app/ShareAndNav";
			};
			name = Debug;
		};
		C50E801B1BDB7D28002BA56D /* Release */ = {
			isa = XCBuildConfiguration;
			buildSettings = {
				BUNDLE_LOADER = "$(TEST_HOST)";
				INFOPLIST_FILE = ShareAndNavTests/Info.plist;
				LD_RUNPATH_SEARCH_PATHS = "$(inherited) @executable_path/Frameworks @loader_path/Frameworks";
				PRODUCT_BUNDLE_IDENTIFIER = Pursue.ShareAndNavTests;
				PRODUCT_NAME = "$(TARGET_NAME)";
				TEST_HOST = "$(BUILT_PRODUCTS_DIR)/ShareAndNav.app/ShareAndNav";
			};
			name = Release;
		};
		C50E801D1BDB7D28002BA56D /* Debug */ = {
			isa = XCBuildConfiguration;
			buildSettings = {
				INFOPLIST_FILE = ShareAndNavUITests/Info.plist;
				LD_RUNPATH_SEARCH_PATHS = "$(inherited) @executable_path/Frameworks @loader_path/Frameworks";
				PRODUCT_BUNDLE_IDENTIFIER = Pursue.ShareAndNavUITests;
				PRODUCT_NAME = "$(TARGET_NAME)";
				TEST_TARGET_NAME = ShareAndNav;
				USES_XCTRUNNER = YES;
			};
			name = Debug;
		};
		C50E801E1BDB7D28002BA56D /* Release */ = {
			isa = XCBuildConfiguration;
			buildSettings = {
				INFOPLIST_FILE = ShareAndNavUITests/Info.plist;
				LD_RUNPATH_SEARCH_PATHS = "$(inherited) @executable_path/Frameworks @loader_path/Frameworks";
				PRODUCT_BUNDLE_IDENTIFIER = Pursue.ShareAndNavUITests;
				PRODUCT_NAME = "$(TARGET_NAME)";
				TEST_TARGET_NAME = ShareAndNav;
				USES_XCTRUNNER = YES;
			};
			name = Release;
		};
/* End XCBuildConfiguration section */

/* Begin XCConfigurationList section */
		C50E7FE91BDB7D28002BA56D /* Build configuration list for PBXProject "ShareAndNav" */ = {
			isa = XCConfigurationList;
			buildConfigurations = (
				C50E80141BDB7D28002BA56D /* Debug */,
				C50E80151BDB7D28002BA56D /* Release */,
			);
			defaultConfigurationIsVisible = 0;
			defaultConfigurationName = Release;
		};
		C50E80161BDB7D28002BA56D /* Build configuration list for PBXNativeTarget "ShareAndNav" */ = {
			isa = XCConfigurationList;
			buildConfigurations = (
				C50E80171BDB7D28002BA56D /* Debug */,
				C50E80181BDB7D28002BA56D /* Release */,
			);
			defaultConfigurationIsVisible = 0;
			defaultConfigurationName = Release;
		};
		C50E80191BDB7D28002BA56D /* Build configuration list for PBXNativeTarget "ShareAndNavTests" */ = {
			isa = XCConfigurationList;
			buildConfigurations = (
				C50E801A1BDB7D28002BA56D /* Debug */,
				C50E801B1BDB7D28002BA56D /* Release */,
			);
			defaultConfigurationIsVisible = 0;
			defaultConfigurationName = Release;
		};
		C50E801C1BDB7D28002BA56D /* Build configuration list for PBXNativeTarget "ShareAndNavUITests" */ = {
			isa = XCConfigurationList;
			buildConfigurations = (
				C50E801D1BDB7D28002BA56D /* Debug */,
				C50E801E1BDB7D28002BA56D /* Release */,
			);
			defaultConfigurationIsVisible = 0;
			defaultConfigurationName = Release;
		};
/* End XCConfigurationList section */
	};
	rootObject = C50E7FE61BDB7D28002BA56D /* Project object */;
}
